
Microsoft Visual Studio Solution File, Format Version 11.00
# Visual Studio 2010
Project("{8BC9CEB8-8B4A-11D0-8D11-00A0C91BC942}") = "MultiDownloader", "MultiDownloader\MultiDownloader.vcxproj", "{BBC41A2A-AF21-4142-84C3-284223FFF941}"
	ProjectSection(ProjectDependencies) = postProject
		{EEE62F1D-A78D-4619-B00D-44146ED30BE9} = {EEE62F1D-A78D-4619-B00D-44146ED30BE9}
	EndProjectSection
EndProject
Project("{8BC9CEB8-8B4A-11D0-8D11-00A0C91BC942}") = "ICSE", "..\LogMonitor\ICSE\ICSE.vcxproj", "{EEE62F1D-A78D-4619-B00D-44146ED30BE9}"
EndProject
Global
	GlobalSection(SolutionConfigurationPlatforms) = preSolution
		Debug|Win32 = Debug|Win32
		Release|Win32 = Release|Win32
	EndGlobalSection
	GlobalSection(ProjectConfigurationPlatforms) = postSolution
		{BBC41A2A-AF21-4142-84C3-284223FFF941}.Debug|Win32.ActiveCfg = Debug|Win32
		{BBC41A2A-AF21-4142-84C3-284223FFF941}.Debug|Win32.Build.0 = Debug|Win32
		{BBC41A2A-AF21-4142-84C3-284223FFF941}.Release|Win32.ActiveCfg = Release|Win32
		{BBC41A2A-AF21-4142-84C3-284223FFF941}.Release|Win32.Build.0 = Release|Win32
		{EEE62F1D-A78D-4619-B00D-44146ED30BE9}.Debug|Win32.ActiveCfg = Debug|Win32
		{EEE62F1D-A78D-4619-B00D-44146ED30BE9}.Debug|Win32.Build.0 = Debug|Win32
		{EEE62F1D-A78D-4619-B00D-44146ED30BE9}.Release|Win32.ActiveCfg = Release|Win32
		{EEE62F1D-A78D-4619-B00D-44146ED30BE9}.Release|Win32.Build.0 = Release|Win32
	EndGlobalSection
	GlobalSection(SolutionProperties) = preSolution
		HideSolutionNode = FALSE
	EndGlobalSection
EndGlobal
